
Microsoft Visual Studio Solution File, Format Version 12.00
# Visual Studio Version 16
VisualStudioVersion = 16.0.29326.143
MinimumVisualStudioVersion = 10.0.40219.1
Project("{FAE04EC0-301F-11D3-BF4B-00C04F79EFBC}") = "Sekreter.UI", "Sekreter.UI\Sekreter.UI.csproj", "{42F33922-4EAF-440D-B0BB-23FA006D022F}"
EndProject
Project("{FAE04EC0-301F-11D3-BF4B-00C04F79EFBC}") = "Sekreter.Core", "Sekreter.Core\Sekreter.Core.csproj", "{A7561C2E-3C8F-4F9D-B295-38C195D4EEED}"
EndProject
Project("{FAE04EC0-301F-11D3-BF4B-00C04F79EFBC}") = "Sekreter.Droid", "Sekreter.Droid\Sekreter.Droid.csproj", "{D8D307D5-7D74-4C81-89E9-72AA25337B82}"
EndProject
Project("{FAE04EC0-301F-11D3-BF4B-00C04F79EFBC}") = "Sekreter.iOS", "Sekreter.iOS\Sekreter.iOS.csproj", "{4F4FC3E3-6275-44E0-9325-818F8C3380FA}"
EndProject
Global
	GlobalSection(SolutionConfigurationPlatforms) = preSolution
		Debug|Any CPU = Debug|Any CPU
		Debug|iPhone = Debug|iPhone
		Debug|iPhoneSimulator = Debug|iPhoneSimulator
		Release|Any CPU = Release|Any CPU
		Release|iPhone = Release|iPhone
		Release|iPhoneSimulator = Release|iPhoneSimulator
	EndGlobalSection
	GlobalSection(ProjectConfigurationPlatforms) = postSolution
		{42F33922-4EAF-440D-B0BB-23FA006D022F}.Debug|Any CPU.ActiveCfg = Debug|Any CPU
		{42F33922-4EAF-440D-B0BB-23FA006D022F}.Debug|Any CPU.Build.0 = Debug|Any CPU
		{42F33922-4EAF-440D-B0BB-23FA006D022F}.Debug|iPhone.ActiveCfg = Debug|Any CPU
		{42F33922-4EAF-440D-B0BB-23FA006D022F}.Debug|iPhone.Build.0 = Debug|Any CPU
		{42F33922-4EAF-440D-B0BB-23FA006D022F}.Debug|iPhoneSimulator.ActiveCfg = Debug|Any CPU
		{42F33922-4EAF-440D-B0BB-23FA006D022F}.Debug|iPhoneSimulator.Build.0 = Debug|Any CPU
		{42F33922-4EAF-440D-B0BB-23FA006D022F}.Release|Any CPU.ActiveCfg = Release|Any CPU
		{42F33922-4EAF-440D-B0BB-23FA006D022F}.Release|Any CPU.Build.0 = Release|Any CPU
		{42F33922-4EAF-440D-B0BB-23FA006D022F}.Release|iPhone.ActiveCfg = Release|Any CPU
		{42F33922-4EAF-440D-B0BB-23FA006D022F}.Release|iPhone.Build.0 = Release|Any CPU
		{42F33922-4EAF-440D-B0BB-23FA006D022F}.Release|iPhoneSimulator.ActiveCfg = Release|Any CPU
		{42F33922-4EAF-440D-B0BB-23FA006D022F}.Release|iPhoneSimulator.Build.0 = Release|Any CPU
		{A7561C2E-3C8F-4F9D-B295-38C195D4EEED}.Debug|Any CPU.ActiveCfg = Debug|Any CPU
		{A7561C2E-3C8F-4F9D-B295-38C195D4EEED}.Debug|Any CPU.Build.0 = Debug|Any CPU
		{A7561C2E-3C8F-4F9D-B295-38C195D4EEED}.Debug|iPhone.ActiveCfg = Debug|Any CPU
		{A7561C2E-3C8F-4F9D-B295-38C195D4EEED}.Debug|iPhone.Build.0 = Debug|Any CPU
		{A7561C2E-3C8F-4F9D-B295-38C195D4EEED}.Debug|iPhoneSimulator.ActiveCfg = Debug|Any CPU
		{A7561C2E-3C8F-4F9D-B295-38C195D4EEED}.Debug|iPhoneSimulator.Build.0 = Debug|Any CPU
		{A7561C2E-3C8F-4F9D-B295-38C195D4EEED}.Release|Any CPU.ActiveCfg = Release|Any CPU
		{A7561C2E-3C8F-4F9D-B295-38C195D4EEED}.Release|Any CPU.Build.0 = Release|Any CPU
		{A7561C2E-3C8F-4F9D-B295-38C195D4EEED}.Release|iPhone.ActiveCfg = Release|Any CPU
		{A7561C2E-3C8F-4F9D-B295-38C195D4EEED}.Release|iPhone.Build.0 = Release|Any CPU
		{A7561C2E-3C8F-4F9D-B295-38C195D4EEED}.Release|iPhoneSimulator.ActiveCfg = Release|Any CPU
		{A7561C2E-3C8F-4F9D-B295-38C195D4EEED}.Release|iPhoneSimulator.Build.0 = Release|Any CPU
		{D8D307D5-7D74-4C81-89E9-72AA25337B82}.Debug|Any CPU.ActiveCfg = Debug|Any CPU
		{D8D307D5-7D74-4C81-89E9-72AA25337B82}.Debug|Any CPU.Build.0 = Debug|Any CPU
		{D8D307D5-7D74-4C81-89E9-72AA25337B82}.Debug|Any CPU.Deploy.0 = Debug|Any CPU
		{D8D307D5-7D74-4C81-89E9-72AA25337B82}.Debug|iPhone.ActiveCfg = Debug|Any CPU
		{D8D307D5-7D74-4C81-89E9-72AA25337B82}.Debug|iPhone.Build.0 = Debug|Any CPU
		{D8D307D5-7D74-4C81-89E9-72AA25337B82}.Debug|iPhone.Deploy.0 = Debug|Any CPU
		{D8D307D5-7D74-4C81-89E9-72AA25337B82}.Debug|iPhoneSimulator.ActiveCfg = Debug|Any CPU
		{D8D307D5-7D74-4C81-89E9-72AA25337B82}.Debug|iPhoneSimulator.Build.0 = Debug|Any CPU
		{D8D307D5-7D74-4C81-89E9-72AA25337B82}.Debug|iPhoneSimulator.Deploy.0 = Debug|Any CPU
		{D8D307D5-7D74-4C81-89E9-72AA25337B82}.Release|Any CPU.ActiveCfg = Release|Any CPU
		{D8D307D5-7D74-4C81-89E9-72AA25337B82}.Release|Any CPU.Build.0 = Release|Any CPU
		{D8D307D5-7D74-4C81-89E9-72AA25337B82}.Release|Any CPU.Deploy.0 = Release|Any CPU
		{D8D307D5-7D74-4C81-89E9-72AA25337B82}.Release|iPhone.ActiveCfg = Release|Any CPU
		{D8D307D5-7D74-4C81-89E9-72AA25337B82}.Release|iPhone.Build.0 = Release|Any CPU
		{D8D307D5-7D74-4C81-89E9-72AA25337B82}.Release|iPhone.Deploy.0 = Release|Any CPU
		{D8D307D5-7D74-4C81-89E9-72AA25337B82}.Release|iPhoneSimulator.ActiveCfg = Release|Any CPU
		{D8D307D5-7D74-4C81-89E9-72AA25337B82}.Release|iPhoneSimulator.Build.0 = Release|Any CPU
		{D8D307D5-7D74-4C81-89E9-72AA25337B82}.Release|iPhoneSimulator.Deploy.0 = Release|Any CPU
		{4F4FC3E3-6275-44E0-9325-818F8C3380FA}.Debug|Any CPU.ActiveCfg = Debug|iPhone
		{4F4FC3E3-6275-44E0-9325-818F8C3380FA}.Debug|iPhone.ActiveCfg = Debug|iPhone
		{4F4FC3E3-6275-44E0-9325-818F8C3380FA}.Debug|iPhone.Build.0 = Debug|iPhone
		{4F4FC3E3-6275-44E0-9325-818F8C3380FA}.Debug|iPhoneSimulator.ActiveCfg = Debug|iPhoneSimulator
		{4F4FC3E3-6275-44E0-9325-818F8C3380FA}.Debug|iPhoneSimulator.Build.0 = Debug|iPhoneSimulator
		{4F4FC3E3-6275-44E0-9325-818F8C3380FA}.Release|Any CPU.ActiveCfg = Release|iPhone
		{4F4FC3E3-6275-44E0-9325-818F8C3380FA}.Release|iPhone.ActiveCfg = Release|iPhone
		{4F4FC3E3-6275-44E0-9325-818F8C3380FA}.Release|iPhone.Build.0 = Release|iPhone
		{4F4FC3E3-6275-44E0-9325-818F8C3380FA}.Release|iPhoneSimulator.ActiveCfg = Release|iPhoneSimulator
		{4F4FC3E3-6275-44E0-9325-818F8C3380FA}.Release|iPhoneSimulator.Build.0 = Release|iPhoneSimulator
	EndGlobalSection
	GlobalSection(SolutionProperties) = preSolution
		HideSolutionNode = FALSE
	EndGlobalSection
	GlobalSection(ExtensibilityGlobals) = postSolution
		SolutionGuid = {633E1A33-0496-4CEE-A195-C9F15BFDED7B}
	EndGlobalSection
EndGlobal
